
Microsoft Visual Studio Solution File, Format Version 12.00
# Visual Studio 2013
VisualStudioVersion = 12.0.40629.0
MinimumVisualStudioVersion = 10.0.40219.1
Project("{8BC9CEB8-8B4A-11D0-8D11-00A0C91BC942}") = "mergeSortApplication", "mergeSortApplication\mergeSortApplication.vcxproj", "{8AACFCCB-59FD-4389-92A0-8A461498E4D8}"
EndProject
Global
	GlobalSection(SolutionConfigurationPlatforms) = preSolution
		Debug|Win32 = Debug|Win32
		Release|Win32 = Release|Win32
	EndGlobalSection
	GlobalSection(ProjectConfigurationPlatforms) = postSolution
		{8AACFCCB-59FD-4389-92A0-8A461498E4D8}.Debug|Win32.ActiveCfg = Debug|Win32
		{8AACFCCB-59FD-4389-92A0-8A461498E4D8}.Debug|Win32.Build.0 = Debug|Win32
		{8AACFCCB-59FD-4389-92A0-8A461498E4D8}.Release|Win32.ActiveCfg = Release|Win32
		{8AACFCCB-59FD-4389-92A0-8A461498E4D8}.Release|Win32.Build.0 = Release|Win32
	EndGlobalSection
	GlobalSection(SolutionProperties) = preSolution
		HideSolutionNode = FALSE
	EndGlobalSection
EndGlobal
